
Microsoft Visual Studio Solution File, Format Version 12.00
# Visual Studio Version 17
VisualStudioVersion = 17.6.33815.320
MinimumVisualStudioVersion = 10.0.40219.1
Project("{FAE04EC0-301F-11D3-BF4B-00C04F79EFBC}") = "CommonMvc", "CommonMvc\CommonMvc.csproj", "{0A089458-7EC8-4CB6-A12D-F9784C74B478}"
EndProject
Project("{FAE04EC0-301F-11D3-BF4B-00C04F79EFBC}") = "TranditionalReflaction", "TranditionalReflaction\TranditionalReflaction.csproj", "{A87F0CCF-B1E1-4738-8979-9BF598098795}"
EndProject
Global
	GlobalSection(SolutionConfigurationPlatforms) = preSolution
		Debug|Any CPU = Debug|Any CPU
		Release|Any CPU = Release|Any CPU
	EndGlobalSection
	GlobalSection(ProjectConfigurationPlatforms) = postSolution
		{0A089458-7EC8-4CB6-A12D-F9784C74B478}.Debug|Any CPU.ActiveCfg = Debug|Any CPU
		{0A089458-7EC8-4CB6-A12D-F9784C74B478}.Debug|Any CPU.Build.0 = Debug|Any CPU
		{0A089458-7EC8-4CB6-A12D-F9784C74B478}.Release|Any CPU.ActiveCfg = Release|Any CPU
		{0A089458-7EC8-4CB6-A12D-F9784C74B478}.Release|Any CPU.Build.0 = Release|Any CPU
		{A87F0CCF-B1E1-4738-8979-9BF598098795}.Debug|Any CPU.ActiveCfg = Debug|Any CPU
		{A87F0CCF-B1E1-4738-8979-9BF598098795}.Debug|Any CPU.Build.0 = Debug|Any CPU
		{A87F0CCF-B1E1-4738-8979-9BF598098795}.Release|Any CPU.ActiveCfg = Release|Any CPU
		{A87F0CCF-B1E1-4738-8979-9BF598098795}.Release|Any CPU.Build.0 = Release|Any CPU
	EndGlobalSection
	GlobalSection(SolutionProperties) = preSolution
		HideSolutionNode = FALSE
	EndGlobalSection
	GlobalSection(ExtensibilityGlobals) = postSolution
		SolutionGuid = {89806194-1B79-48AB-B6F1-3D1D339C46DB}
	EndGlobalSection
EndGlobal
